
Microsoft Visual Studio Solution File, Format Version 12.00
# Visual Studio Version 16
VisualStudioVersion = 16.0.29709.97
MinimumVisualStudioVersion = 10.0.40219.1
Project("{FAE04EC0-301F-11D3-BF4B-00C04F79EFBC}") = "Restaurant.WebApplication", "Restaurant.WebApplication\Restaurant.WebApplication.csproj", "{DDD4E397-A836-4D44-AFF4-72C8E35C78BA}"
EndProject
Global
	GlobalSection(SolutionConfigurationPlatforms) = preSolution
		Debug|Any CPU = Debug|Any CPU
		Release|Any CPU = Release|Any CPU
	EndGlobalSection
	GlobalSection(ProjectConfigurationPlatforms) = postSolution
		{DDD4E397-A836-4D44-AFF4-72C8E35C78BA}.Debug|Any CPU.ActiveCfg = Debug|Any CPU
		{DDD4E397-A836-4D44-AFF4-72C8E35C78BA}.Debug|Any CPU.Build.0 = Debug|Any CPU
		{DDD4E397-A836-4D44-AFF4-72C8E35C78BA}.Release|Any CPU.ActiveCfg = Release|Any CPU
		{DDD4E397-A836-4D44-AFF4-72C8E35C78BA}.Release|Any CPU.Build.0 = Release|Any CPU
	EndGlobalSection
	GlobalSection(SolutionProperties) = preSolution
		HideSolutionNode = FALSE
	EndGlobalSection
	GlobalSection(ExtensibilityGlobals) = postSolution
		SolutionGuid = {4CF63863-CB18-4B20-AB0E-D0CDD4B653F5}
	EndGlobalSection
EndGlobal
